// !$*UTF8*$!
{
	archiveVersion = 1;
	classes = {
	};
	objectVersion = 50;
	objects = {

/* Begin PBXBuildFile section */
		70C223E623F937B70076C5F1 /* AppDelegate.swift in Sources */ = {isa = PBXBuildFile; fileRef = 70C223E523F937B70076C5F1 /* AppDelegate.swift */; };
		70C223E823F937B70076C5F1 /* SceneDelegate.swift in Sources */ = {isa = PBXBuildFile; fileRef = 70C223E723F937B70076C5F1 /* SceneDelegate.swift */; };
		70C223EA23F937B70076C5F1 /* ViewController.swift in Sources */ = {isa = PBXBuildFile; fileRef = 70C223E923F937B70076C5F1 /* ViewController.swift */; };
		70C223ED23F937B70076C5F1 /* Main.storyboard in Resources */ = {isa = PBXBuildFile; fileRef = 70C223EB23F937B70076C5F1 /* Main.storyboard */; };
		70C223EF23F937B90076C5F1 /* Assets.xcassets in Resources */ = {isa = PBXBuildFile; fileRef = 70C223EE23F937B90076C5F1 /* Assets.xcassets */; };
		70C223F223F937B90076C5F1 /* LaunchScreen.storyboard in Resources */ = {isa = PBXBuildFile; fileRef = 70C223F023F937B90076C5F1 /* LaunchScreen.storyboard */; };
		70C223FD23F937B90076C5F1 /* NoteHelpTests.swift in Sources */ = {isa = PBXBuildFile; fileRef = 70C223FC23F937B90076C5F1 /* NoteHelpTests.swift */; };
		70C2240823F937B90076C5F1 /* NoteHelpUITests.swift in Sources */ = {isa = PBXBuildFile; fileRef = 70C2240723F937B90076C5F1 /* NoteHelpUITests.swift */; };
/* End PBXBuildFile section */

/* Begin PBXContainerItemProxy section */
		70C223F923F937B90076C5F1 /* PBXContainerItemProxy */ = {
			isa = PBXContainerItemProxy;
			containerPortal = 70C223DA23F937B70076C5F1 /* Project object */;
			proxyType = 1;
			remoteGlobalIDString = 70C223E123F937B70076C5F1;
			remoteInfo = NoteHelp;
		};
		70C2240423F937B90076C5F1 /* PBXContainerItemProxy */ = {
			isa = PBXContainerItemProxy;
			containerPortal = 70C223DA23F937B70076C5F1 /* Project object */;
			proxyType = 1;
			remoteGlobalIDString = 70C223E123F937B70076C5F1;
			remoteInfo = NoteHelp;
		};
/* End PBXContainerItemProxy section */

/* Begin PBXFileReference section */
		70C223E223F937B70076C5F1 /* NoteHelp.app */ = {isa = PBXFileReference; explicitFileType = wrapper.application; includeInIndex = 0; path = NoteHelp.app; sourceTree = BUILT_PRODUCTS_DIR; };
		70C223E523F937B70076C5F1 /* AppDelegate.swift */ = {isa = PBXFileReference; lastKnownFileType = sourcecode.swift; path = AppDelegate.swift; sourceTree = "<group>"; };
		70C223E723F937B70076C5F1 /* SceneDelegate.swift */ = {isa = PBXFileReference; lastKnownFileType = sourcecode.swift; path = SceneDelegate.swift; sourceTree = "<group>"; };
		70C223E923F937B70076C5F1 /* ViewController.swift */ = {isa = PBXFileReference; lastKnownFileType = sourcecode.swift; path = ViewController.swift; sourceTree = "<group>"; };
		70C223EC23F937B70076C5F1 /* Base */ = {isa = PBXFileReference; lastKnownFileType = file.storyboard; name = Base; path = Base.lproj/Main.storyboard; sourceTree = "<group>"; };
		70C223EE23F937B90076C5F1 /* Assets.xcassets */ = {isa = PBXFileReference; lastKnownFileType = folder.assetcatalog; path = Assets.xcassets; sourceTree = "<group>"; };
		70C223F123F937B90076C5F1 /* Base */ = {isa = PBXFileReference; lastKnownFileType = file.storyboard; name = Base; path = Base.lproj/LaunchScreen.storyboard; sourceTree = "<group>"; };
		70C223F323F937B90076C5F1 /* Info.plist */ = {isa = PBXFileReference; lastKnownFileType = text.plist.xml; path = Info.plist; sourceTree = "<group>"; };
		70C223F823F937B90076C5F1 /* NoteHelpTests.xctest */ = {isa = PBXFileReference; explicitFileType = wrapper.cfbundle; includeInIndex = 0; path = NoteHelpTests.xctest; sourceTree = BUILT_PRODUCTS_DIR; };
		70C223FC23F937B90076C5F1 /* NoteHelpTests.swift */ = {isa = PBXFileReference; lastKnownFileType = sourcecode.swift; path = NoteHelpTests.swift; sourceTree = "<group>"; };
		70C223FE23F937B90076C5F1 /* Info.plist */ = {isa = PBXFileReference; lastKnownFileType = text.plist.xml; path = Info.plist; sourceTree = "<group>"; };
		70C2240323F937B90076C5F1 /* NoteHelpUITests.xctest */ = {isa = PBXFileReference; explicitFileType = wrapper.cfbundle; includeInIndex = 0; path = NoteHelpUITests.xctest; sourceTree = BUILT_PRODUCTS_DIR; };
		70C2240723F937B90076C5F1 /* NoteHelpUITests.swift */ = {isa = PBXFileReference; lastKnownFileType = sourcecode.swift; path = NoteHelpUITests.swift; sourceTree = "<group>"; };
		70C2240923F937B90076C5F1 /* Info.plist */ = {isa = PBXFileReference; lastKnownFileType = text.plist.xml; path = Info.plist; sourceTree = "<group>"; };
/* End PBXFileReference section */

/* Begin PBXFrameworksBuildPhase section */
		70C223DF23F937B70076C5F1 /* Frameworks */ = {
			isa = PBXFrameworksBuildPhase;
			buildActionMask = 2147483647;
			files = (
			);
			runOnlyForDeploymentPostprocessing = 0;
		};
		70C223F523F937B90076C5F1 /* Frameworks */ = {
			isa = PBXFrameworksBuildPhase;
			buildActionMask = 2147483647;
			files = (
			);
			runOnlyForDeploymentPostprocessing = 0;
		};
		70C2240023F937B90076C5F1 /* Frameworks */ = {
			isa = PBXFrameworksBuildPhase;
			buildActionMask = 2147483647;
			files = (
			);
			runOnlyForDeploymentPostprocessing = 0;
		};
/* End PBXFrameworksBuildPhase section */

/* Begin PBXGroup section */
		70C223D923F937B70076C5F1 = {
			isa = PBXGroup;
			children = (
				70C223E423F937B70076C5F1 /* NoteHelp */,
				70C223FB23F937B90076C5F1 /* NoteHelpTests */,
				70C2240623F937B90076C5F1 /* NoteHelpUITests */,
				70C223E323F937B70076C5F1 /* Products */,
			);
			sourceTree = "<group>";
		};
		70C223E323F937B70076C5F1 /* Products */ = {
			isa = PBXGroup;
			children = (
				70C223E223F937B70076C5F1 /* NoteHelp.app */,
				70C223F823F937B90076C5F1 /* NoteHelpTests.xctest */,
				70C2240323F937B90076C5F1 /* NoteHelpUITests.xctest */,
			);
			name = Products;
			sourceTree = "<group>";
		};
		70C223E423F937B70076C5F1 /* NoteHelp */ = {
			isa = PBXGroup;
			children = (
				70C223E523F937B70076C5F1 /* AppDelegate.swift */,
				70C223E723F937B70076C5F1 /* SceneDelegate.swift */,
				70C223E923F937B70076C5F1 /* ViewController.swift */,
				70C223EB23F937B70076C5F1 /* Main.storyboard */,
				70C223EE23F937B90076C5F1 /* Assets.xcassets */,
				70C223F023F937B90076C5F1 /* LaunchScreen.storyboard */,
				70C223F323F937B90076C5F1 /* Info.plist */,
			);
			path = NoteHelp;
			sourceTree = "<group>";
		};
		70C223FB23F937B90076C5F1 /* NoteHelpTests */ = {
			isa = PBXGroup;
			children = (
				70C223FC23F937B90076C5F1 /* NoteHelpTests.swift */,
				70C223FE23F937B90076C5F1 /* Info.plist */,
			);
			path = NoteHelpTests;
			sourceTree = "<group>";
		};
		70C2240623F937B90076C5F1 /* NoteHelpUITests */ = {
			isa = PBXGroup;
			children = (
				70C2240723F937B90076C5F1 /* NoteHelpUITests.swift */,
				70C2240923F937B90076C5F1 /* Info.plist */,
			);
			path = NoteHelpUITests;
			sourceTree = "<group>";
		};
/* End PBXGroup section */

/* Begin PBXNativeTarget section */
		70C223E123F937B70076C5F1 /* NoteHelp */ = {
			isa = PBXNativeTarget;
			buildConfigurationList = 70C2240C23F937B90076C5F1 /* Build configuration list for PBXNativeTarget "NoteHelp" */;
			buildPhases = (
				70C223DE23F937B70076C5F1 /* Sources */,
				70C223DF23F937B70076C5F1 /* Frameworks */,
				70C223E023F937B70076C5F1 /* Resources */,
			);
			buildRules = (
			);
			dependencies = (
			);
			name = NoteHelp;
			productName = NoteHelp;
			productReference = 70C223E223F937B70076C5F1 /* NoteHelp.app */;
			productType = "com.apple.product-type.application";
		};
		70C223F723F937B90076C5F1 /* NoteHelpTests */ = {
			isa = PBXNativeTarget;
			buildConfigurationList = 70C2240F23F937B90076C5F1 /* Build configuration list for PBXNativeTarget "NoteHelpTests" */;
			buildPhases = (
				70C223F423F937B90076C5F1 /* Sources */,
				70C223F523F937B90076C5F1 /* Frameworks */,
				70C223F623F937B90076C5F1 /* Resources */,
			);
			buildRules = (
			);
			dependencies = (
				70C223FA23F937B90076C5F1 /* PBXTargetDependency */,
			);
			name = NoteHelpTests;
			productName = NoteHelpTests;
			productReference = 70C223F823F937B90076C5F1 /* NoteHelpTests.xctest */;
			productType = "com.apple.product-type.bundle.unit-test";
		};
		70C2240223F937B90076C5F1 /* NoteHelpUITests */ = {
			isa = PBXNativeTarget;
			buildConfigurationList = 70C2241223F937B90076C5F1 /* Build configuration list for PBXNativeTarget "NoteHelpUITests" */;
			buildPhases = (
				70C223FF23F937B90076C5F1 /* Sources */,
				70C2240023F937B90076C5F1 /* Frameworks */,
				70C2240123F937B90076C5F1 /* Resources */,
			);
			buildRules = (
			);
			dependencies = (
				70C2240523F937B90076C5F1 /* PBXTargetDependency */,
			);
			name = NoteHelpUITests;
			productName = NoteHelpUITests;
			productReference = 70C2240323F937B90076C5F1 /* NoteHelpUITests.xctest */;
			productType = "com.apple.product-type.bundle.ui-testing";
		};
/* End PBXNativeTarget section */

/* Begin PBXProject section */
		70C223DA23F937B70076C5F1 /* Project object */ = {
			isa = PBXProject;
			attributes = {
				LastSwiftUpdateCheck = 1130;
				LastUpgradeCheck = 1130;
				ORGANIZATIONNAME = "P&M Solutions";
				TargetAttributes = {
					70C223E123F937B70076C5F1 = {
						CreatedOnToolsVersion = 11.3.1;
					};
					70C223F723F937B90076C5F1 = {
						CreatedOnToolsVersion = 11.3.1;
						TestTargetID = 70C223E123F937B70076C5F1;
					};
					70C2240223F937B90076C5F1 = {
						CreatedOnToolsVersion = 11.3.1;
						TestTargetID = 70C223E123F937B70076C5F1;
					};
				};
			};
			buildConfigurationList = 70C223DD23F937B70076C5F1 /* Build configuration list for PBXProject "NoteHelp" */;
			compatibilityVersion = "Xcode 9.3";
			developmentRegion = en;
			hasScannedForEncodings = 0;
			knownRegions = (
				en,
				Base,
			);
			mainGroup = 70C223D923F937B70076C5F1;
			productRefGroup = 70C223E323F937B70076C5F1 /* Products */;
			projectDirPath = "";
			projectRoot = "";
			targets = (
				70C223E123F937B70076C5F1 /* NoteHelp */,
				70C223F723F937B90076C5F1 /* NoteHelpTests */,
				70C2240223F937B90076C5F1 /* NoteHelpUITests */,
			);
		};
/* End PBXProject section */

/* Begin PBXResourcesBuildPhase section */
		70C223E023F937B70076C5F1 /* Resources */ = {
			isa = PBXResourcesBuildPhase;
			buildActionMask = 2147483647;
			files = (
				70C223F223F937B90076C5F1 /* LaunchScreen.storyboard in Resources */,
				70C223EF23F937B90076C5F1 /* Assets.xcassets in Resources */,
				70C223ED23F937B70076C5F1 /* Main.storyboard in Resources */,
			);
			runOnlyForDeploymentPostprocessing = 0;
		};
		70C223F623F937B90076C5F1 /* Resources */ = {
			isa = PBXResourcesBuildPhase;
			buildActionMask = 2147483647;
			files = (
			);
			runOnlyForDeploymentPostprocessing = 0;
		};
		70C2240123F937B90076C5F1 /* Resources */ = {
			isa = PBXResourcesBuildPhase;
			buildActionMask = 2147483647;
			files = (
			);
			runOnlyForDeploymentPostprocessing = 0;
		};
/* End PBXResourcesBuildPhase section */

/* Begin PBXSourcesBuildPhase section */
		70C223DE23F937B70076C5F1 /* Sources */ = {
			isa = PBXSourcesBuildPhase;
			buildActionMask = 2147483647;
			files = (
				70C223EA23F937B70076C5F1 /* ViewController.swift in Sources */,
				70C223E623F937B70076C5F1 /* AppDelegate.swift in Sources */,
				70C223E823F937B70076C5F1 /* SceneDelegate.swift in Sources */,
			);
			runOnlyForDeploymentPostprocessing = 0;
		};
		70C223F423F937B90076C5F1 /* Sources */ = {
			isa = PBXSourcesBuildPhase;
			buildActionMask = 2147483647;
			files = (
				70C223FD23F937B90076C5F1 /* NoteHelpTests.swift in Sources */,
			);
			runOnlyForDeploymentPostprocessing = 0;
		};
		70C223FF23F937B90076C5F1 /* Sources */ = {
			isa = PBXSourcesBuildPhase;
			buildActionMask = 2147483647;
			files = (
				70C2240823F937B90076C5F1 /* NoteHelpUITests.swift in Sources */,
			);
			runOnlyForDeploymentPostprocessing = 0;
		};
/* End PBXSourcesBuildPhase section */

/* Begin PBXTargetDependency section */
		70C223FA23F937B90076C5F1 /* PBXTargetDependency */ = {
			isa = PBXTargetDependency;
			target = 70C223E123F937B70076C5F1 /* NoteHelp */;
			targetProxy = 70C223F923F937B90076C5F1 /* PBXContainerItemProxy */;
		};
		70C2240523F937B90076C5F1 /* PBXTargetDependency */ = {
			isa = PBXTargetDependency;
			target = 70C223E123F937B70076C5F1 /* NoteHelp */;
			targetProxy = 70C2240423F937B90076C5F1 /* PBXContainerItemProxy */;
		};
/* End PBXTargetDependency section */

/* Begin PBXVariantGroup section */
		70C223EB23F937B70076C5F1 /* Main.storyboard */ = {
			isa = PBXVariantGroup;
			children = (
				70C223EC23F937B70076C5F1 /* Base */,
			);
			name = Main.storyboard;
			sourceTree = "<group>";
		};
		70C223F023F937B90076C5F1 /* LaunchScreen.storyboard */ = {
			isa = PBXVariantGroup;
			children = (
				70C223F123F937B90076C5F1 /* Base */,
			);
			name = LaunchScreen.storyboard;
			sourceTree = "<group>";
		};
/* End PBXVariantGroup section */

/* Begin XCBuildConfiguration section */
		70C2240A23F937B90076C5F1 /* Debug */ = {
			isa = XCBuildConfiguration;
			buildSettings = {
				ALWAYS_SEARCH_USER_PATHS = NO;
				CLANG_ANALYZER_NONNULL = YES;
				CLANG_ANALYZER_NUMBER_OBJECT_CONVERSION = YES_AGGRESSIVE;
				CLANG_CXX_LANGUAGE_STANDARD = "gnu++14";
				CLANG_CXX_LIBRARY = "libc++";
				CLANG_ENABLE_MODULES = YES;
				CLANG_ENABLE_OBJC_ARC = YES;
				CLANG_ENABLE_OBJC_WEAK = YES;
				CLANG_WARN_BLOCK_CAPTURE_AUTORELEASING = YES;
				CLANG_WARN_BOOL_CONVERSION = YES;
				CLANG_WARN_COMMA = YES;
				CLANG_WARN_CONSTANT_CONVERSION = YES;
				CLANG_WARN_DEPRECATED_OBJC_IMPLEMENTATIONS = YES;
				CLANG_WARN_DIRECT_OBJC_ISA_USAGE = YES_ERROR;
				CLANG_WARN_DOCUMENTATION_COMMENTS = YES;
				CLANG_WARN_EMPTY_BODY = YES;
				CLANG_WARN_ENUM_CONVERSION = YES;
				CLANG_WARN_INFINITE_RECURSION = YES;
				CLANG_WARN_INT_CONVERSION = YES;
				CLANG_WARN_NON_LITERAL_NULL_CONVERSION = YES;
				CLANG_WARN_OBJC_IMPLICIT_RETAIN_SELF = YES;
				CLANG_WARN_OBJC_LITERAL_CONVERSION = YES;
				CLANG_WARN_OBJC_ROOT_CLASS = YES_ERROR;
				CLANG_WARN_RANGE_LOOP_ANALYSIS = YES;
				CLANG_WARN_STRICT_PROTOTYPES = YES;
				CLANG_WARN_SUSPICIOUS_MOVE = YES;
				CLANG_WARN_UNGUARDED_AVAILABILITY = YES_AGGRESSIVE;
				CLANG_WARN_UNREACHABLE_CODE = YES;
				CLANG_WARN__DUPLICATE_METHOD_MATCH = YES;
				COPY_PHASE_STRIP = NO;
				DEBUG_INFORMATION_FORMAT = dwarf;
				ENABLE_STRICT_OBJC_MSGSEND = YES;
				ENABLE_TESTABILITY = YES;
				GCC_C_LANGUAGE_STANDARD = gnu11;
				GCC_DYNAMIC_NO_PIC = NO;
				GCC_NO_COMMON_BLOCKS = YES;
				GCC_OPTIMIZATION_LEVEL = 0;
				GCC_PREPROCESSOR_DEFINITIONS = (
					"DEBUG=1",
					"$(inherited)",
				);
				GCC_WARN_64_TO_32_BIT_CONVERSION = YES;
				GCC_WARN_ABOUT_RETURN_TYPE = YES_ERROR;
				GCC_WARN_UNDECLARED_SELECTOR = YES;
				GCC_WARN_UNINITIALIZED_AUTOS = YES_AGGRESSIVE;
				GCC_WARN_UNUSED_FUNCTION = YES;
				GCC_WARN_UNUSED_VARIABLE = YES;
				IPHONEOS_DEPLOYMENT_TARGET = 13.2;
				MTL_ENABLE_DEBUG_INFO = INCLUDE_SOURCE;
				MTL_FAST_MATH = YES;
				ONLY_ACTIVE_ARCH = YES;
				SDKROOT = iphoneos;
				SWIFT_ACTIVE_COMPILATION_CONDITIONS = DEBUG;
				SWIFT_OPTIMIZATION_LEVEL = "-Onone";
			};
			name = Debug;
		};
		70C2240B23F937B90076C5F1 /* Release */ = {
			isa = XCBuildConfiguration;
			buildSettings = {
				ALWAYS_SEARCH_USER_PATHS = NO;
				CLANG_ANALYZER_NONNULL = YES;
				CLANG_ANALYZER_NUMBER_OBJECT_CONVERSION = YES_AGGRESSIVE;
				CLANG_CXX_LANGUAGE_STANDARD = "gnu++14";
				CLANG_CXX_LIBRARY = "libc++";
				CLANG_ENABLE_MODULES = YES;
				CLANG_ENABLE_OBJC_ARC = YES;
				CLANG_ENABLE_OBJC_WEAK = YES;
				CLANG_WARN_BLOCK_CAPTURE_AUTORELEASING = YES;
				CLANG_WARN_BOOL_CONVERSION = YES;
				CLANG_WARN_COMMA = YES;
				CLANG_WARN_CONSTANT_CONVERSION = YES;
				CLANG_WARN_DEPRECATED_OBJC_IMPLEMENTATIONS = YES;
				CLANG_WARN_DIRECT_OBJC_ISA_USAGE = YES_ERROR;
				CLANG_WARN_DOCUMENTATION_COMMENTS = YES;
				CLANG_WARN_EMPTY_BODY = YES;
				CLANG_WARN_ENUM_CONVERSION = YES;
				CLANG_WARN_INFINITE_RECURSION = YES;
				CLANG_WARN_INT_CONVERSION = YES;
				CLANG_WARN_NON_LITERAL_NULL_CONVERSION = YES;
				CLANG_WARN_OBJC_IMPLICIT_RETAIN_SELF = YES;
				CLANG_WARN_OBJC_LITERAL_CONVERSION = YES;
				CLANG_WARN_OBJC_ROOT_CLASS = YES_ERROR;
				CLANG_WARN_RANGE_LOOP_ANALYSIS = YES;
				CLANG_WARN_STRICT_PROTOTYPES = YES;
				CLANG_WARN_SUSPICIOUS_MOVE = YES;
				CLANG_WARN_UNGUARDED_AVAILABILITY = YES_AGGRESSIVE;
				CLANG_WARN_UNREACHABLE_CODE = YES;
				CLANG_WARN__DUPLICATE_METHOD_MATCH = YES;
				COPY_PHASE_STRIP = NO;
				DEBUG_INFORMATION_FORMAT = "dwarf-with-dsym";
				ENABLE_NS_ASSERTIONS = NO;
				ENABLE_STRICT_OBJC_MSGSEND = YES;
				GCC_C_LANGUAGE_STANDARD = gnu11;
				GCC_NO_COMMON_BLOCKS = YES;
				GCC_WARN_64_TO_32_BIT_CONVERSION = YES;
				GCC_WARN_ABOUT_RETURN_TYPE = YES_ERROR;
				GCC_WARN_UNDECLARED_SELECTOR = YES;
				GCC_WARN_UNINITIALIZED_AUTOS = YES_AGGRESSIVE;
				GCC_WARN_UNUSED_FUNCTION = YES;
				GCC_WARN_UNUSED_VARIABLE = YES;
				IPHONEOS_DEPLOYMENT_TARGET = 13.2;
				MTL_ENABLE_DEBUG_INFO = NO;
				MTL_FAST_MATH = YES;
				SDKROOT = iphoneos;
				SWIFT_COMPILATION_MODE = wholemodule;
				SWIFT_OPTIMIZATION_LEVEL = "-O";
				VALIDATE_PRODUCT = YES;
			};
			name = Release;
		};
		70C2240D23F937B90076C5F1 /* Debug */ = {
			isa = XCBuildConfiguration;
			buildSettings = {
				ASSETCATALOG_COMPILER_APPICON_NAME = AppIcon;
				CODE_SIGN_STYLE = Automatic;
				INFOPLIST_FILE = NoteHelp/Info.plist;
				LD_RUNPATH_SEARCH_PATHS = (
					"$(inherited)",
					"@executable_path/Frameworks",
				);
				PRODUCT_BUNDLE_IDENTIFIER = "P-M-Solutions.NoteHelp";
				PRODUCT_NAME = "$(TARGET_NAME)";
				SWIFT_VERSION = 5.0;
				TARGETED_DEVICE_FAMILY = "1,2";
			};
			name = Debug;
		};
		70C2240E23F937B90076C5F1 /* Release */ = {
			isa = XCBuildConfiguration;
			buildSettings = {
				ASSETCATALOG_COMPILER_APPICON_NAME = AppIcon;
				CODE_SIGN_STYLE = Automatic;
				INFOPLIST_FILE = NoteHelp/Info.plist;
				LD_RUNPATH_SEARCH_PATHS = (
					"$(inherited)",
					"@executable_path/Frameworks",
				);
				PRODUCT_BUNDLE_IDENTIFIER = "P-M-Solutions.NoteHelp";
				PRODUCT_NAME = "$(TARGET_NAME)";
				SWIFT_VERSION = 5.0;
				TARGETED_DEVICE_FAMILY = "1,2";
			};
			name = Release;
		};
		70C2241023F937B90076C5F1 /* Debug */ = {
			isa = XCBuildConfiguration;
			buildSettings = {
				ALWAYS_EMBED_SWIFT_STANDARD_LIBRARIES = YES;
				BUNDLE_LOADER = "$(TEST_HOST)";
				CODE_SIGN_STYLE = Automatic;
				INFOPLIST_FILE = NoteHelpTests/Info.plist;
				IPHONEOS_DEPLOYMENT_TARGET = 13.2;
				LD_RUNPATH_SEARCH_PATHS = (
					"$(inherited)",
					"@executable_path/Frameworks",
					"@loader_path/Frameworks",
				);
				PRODUCT_BUNDLE_IDENTIFIER = "P-M-Solutions.NoteHelpTests";
				PRODUCT_NAME = "$(TARGET_NAME)";
				SWIFT_VERSION = 5.0;
				TARGETED_DEVICE_FAMILY = "1,2";
				TEST_HOST = "$(BUILT_PRODUCTS_DIR)/NoteHelp.app/NoteHelp";
			};
			name = Debug;
		};
		70C2241123F937B90076C5F1 /* Release */ = {
			isa = XCBuildConfiguration;
			buildSettings = {
				ALWAYS_EMBED_SWIFT_STANDARD_LIBRARIES = YES;
				BUNDLE_LOADER = "$(TEST_HOST)";
				CODE_SIGN_STYLE = Automatic;
				INFOPLIST_FILE = NoteHelpTests/Info.plist;
				IPHONEOS_DEPLOYMENT_TARGET = 13.2;
				LD_RUNPATH_SEARCH_PATHS = (
					"$(inherited)",
					"@executable_path/Frameworks",
					"@loader_path/Frameworks",
				);
				PRODUCT_BUNDLE_IDENTIFIER = "P-M-Solutions.NoteHelpTests";
				PRODUCT_NAME = "$(TARGET_NAME)";
				SWIFT_VERSION = 5.0;
				TARGETED_DEVICE_FAMILY = "1,2";
				TEST_HOST = "$(BUILT_PRODUCTS_DIR)/NoteHelp.app/NoteHelp";
			};
			name = Release;
		};
		70C2241323F937B90076C5F1 /* Debug */ = {
			isa = XCBuildConfiguration;
			buildSettings = {
				ALWAYS_EMBED_SWIFT_STANDARD_LIBRARIES = YES;
				CODE_SIGN_STYLE = Automatic;
				INFOPLIST_FILE = NoteHelpUITests/Info.plist;
				LD_RUNPATH_SEARCH_PATHS = (
					"$(inherited)",
					"@executable_path/Frameworks",
					"@loader_path/Frameworks",
				);
				PRODUCT_BUNDLE_IDENTIFIER = "P-M-Solutions.NoteHelpUITests";
				PRODUCT_NAME = "$(TARGET_NAME)";
				SWIFT_VERSION = 5.0;
				TARGETED_DEVICE_FAMILY = "1,2";
				TEST_TARGET_NAME = NoteHelp;
			};
			name = Debug;
		};
		70C2241423F937B90076C5F1 /* Release */ = {
			isa = XCBuildConfiguration;
			buildSettings = {
				ALWAYS_EMBED_SWIFT_STANDARD_LIBRARIES = YES;
				CODE_SIGN_STYLE = Automatic;
				INFOPLIST_FILE = NoteHelpUITests/Info.plist;
				LD_RUNPATH_SEARCH_PATHS = (
					"$(inherited)",
					"@executable_path/Frameworks",
					"@loader_path/Frameworks",
				);
				PRODUCT_BUNDLE_IDENTIFIER = "P-M-Solutions.NoteHelpUITests";
				PRODUCT_NAME = "$(TARGET_NAME)";
				SWIFT_VERSION = 5.0;
				TARGETED_DEVICE_FAMILY = "1,2";
				TEST_TARGET_NAME = NoteHelp;
			};
			name = Release;
		};
/* End XCBuildConfiguration section */

/* Begin XCConfigurationList section */
		70C223DD23F937B70076C5F1 /* Build configuration list for PBXProject "NoteHelp" */ = {
			isa = XCConfigurationList;
			buildConfigurations = (
				70C2240A23F937B90076C5F1 /* Debug */,
				70C2240B23F937B90076C5F1 /* Release */,
			);
			defaultConfigurationIsVisible = 0;
			defaultConfigurationName = Release;
		};
		70C2240C23F937B90076C5F1 /* Build configuration list for PBXNativeTarget "NoteHelp" */ = {
			isa = XCConfigurationList;
			buildConfigurations = (
				70C2240D23F937B90076C5F1 /* Debug */,
				70C2240E23F937B90076C5F1 /* Release */,
			);
			defaultConfigurationIsVisible = 0;
			defaultConfigurationName = Release;
		};
		70C2240F23F937B90076C5F1 /* Build configuration list for PBXNativeTarget "NoteHelpTests" */ = {
			isa = XCConfigurationList;
			buildConfigurations = (
				70C2241023F937B90076C5F1 /* Debug */,
				70C2241123F937B90076C5F1 /* Release */,
			);
			defaultConfigurationIsVisible = 0;
			defaultConfigurationName = Release;
		};
		70C2241223F937B90076C5F1 /* Build configuration list for PBXNativeTarget "NoteHelpUITests" */ = {
			isa = XCConfigurationList;
			buildConfigurations = (
				70C2241323F937B90076C5F1 /* Debug */,
				70C2241423F937B90076C5F1 /* Release */,
			);
			defaultConfigurationIsVisible = 0;
			defaultConfigurationName = Release;
		};
/* End XCConfigurationList section */
	};
	rootObject = 70C223DA23F937B70076C5F1 /* Project object */;
}
